
Microsoft Visual Studio Solution File, Format Version 12.00
# Visual Studio Version 16
VisualStudioVersion = 16.0.809.2
MinimumVisualStudioVersion = 10.0.40219.1
Project("{FAE04EC0-301F-11D3-BF4B-00C04F79EFBC}") = "ToDo.Android", "ToDo.Android\ToDo.Android.csproj", "{BB010767-4861-4AC5-8D24-4062E886C29B}"
EndProject
Project("{FAE04EC0-301F-11D3-BF4B-00C04F79EFBC}") = "ToDo.iOS", "ToDo.iOS\ToDo.iOS.csproj", "{F6A55131-468D-4241-BC35-60E47062C342}"
EndProject
Project("{FAE04EC0-301F-11D3-BF4B-00C04F79EFBC}") = "ToDo", "ToDo\ToDo.csproj", "{ABEB35AF-EF45-4093-9518-3EC23CA2BBA3}"
EndProject
Global
	GlobalSection(SolutionConfigurationPlatforms) = preSolution
		Debug|Any CPU = Debug|Any CPU
		Release|Any CPU = Release|Any CPU
		Debug|iPhoneSimulator = Debug|iPhoneSimulator
		Release|iPhoneSimulator = Release|iPhoneSimulator
		Debug|iPhone = Debug|iPhone
		Release|iPhone = Release|iPhone
	EndGlobalSection
	GlobalSection(ProjectConfigurationPlatforms) = postSolution
		{BB010767-4861-4AC5-8D24-4062E886C29B}.Debug|Any CPU.ActiveCfg = Debug|Any CPU
		{BB010767-4861-4AC5-8D24-4062E886C29B}.Debug|Any CPU.Build.0 = Debug|Any CPU
		{BB010767-4861-4AC5-8D24-4062E886C29B}.Release|Any CPU.ActiveCfg = Release|Any CPU
		{BB010767-4861-4AC5-8D24-4062E886C29B}.Release|Any CPU.Build.0 = Release|Any CPU
		{BB010767-4861-4AC5-8D24-4062E886C29B}.Debug|iPhoneSimulator.ActiveCfg = Debug|Any CPU
		{BB010767-4861-4AC5-8D24-4062E886C29B}.Debug|iPhoneSimulator.Build.0 = Debug|Any CPU
		{BB010767-4861-4AC5-8D24-4062E886C29B}.Release|iPhoneSimulator.ActiveCfg = Release|Any CPU
		{BB010767-4861-4AC5-8D24-4062E886C29B}.Release|iPhoneSimulator.Build.0 = Release|Any CPU
		{BB010767-4861-4AC5-8D24-4062E886C29B}.Debug|iPhone.ActiveCfg = Debug|Any CPU
		{BB010767-4861-4AC5-8D24-4062E886C29B}.Debug|iPhone.Build.0 = Debug|Any CPU
		{BB010767-4861-4AC5-8D24-4062E886C29B}.Release|iPhone.ActiveCfg = Release|Any CPU
		{BB010767-4861-4AC5-8D24-4062E886C29B}.Release|iPhone.Build.0 = Release|Any CPU
		{F6A55131-468D-4241-BC35-60E47062C342}.Debug|Any CPU.ActiveCfg = Debug|iPhoneSimulator
		{F6A55131-468D-4241-BC35-60E47062C342}.Debug|Any CPU.Build.0 = Debug|iPhoneSimulator
		{F6A55131-468D-4241-BC35-60E47062C342}.Release|Any CPU.ActiveCfg = Release|iPhoneSimulator
		{F6A55131-468D-4241-BC35-60E47062C342}.Release|Any CPU.Build.0 = Release|iPhoneSimulator
		{F6A55131-468D-4241-BC35-60E47062C342}.Debug|iPhoneSimulator.ActiveCfg = Debug|iPhoneSimulator
		{F6A55131-468D-4241-BC35-60E47062C342}.Debug|iPhoneSimulator.Build.0 = Debug|iPhoneSimulator
		{F6A55131-468D-4241-BC35-60E47062C342}.Release|iPhoneSimulator.ActiveCfg = Release|iPhoneSimulator
		{F6A55131-468D-4241-BC35-60E47062C342}.Release|iPhoneSimulator.Build.0 = Release|iPhoneSimulator
		{F6A55131-468D-4241-BC35-60E47062C342}.Debug|iPhone.ActiveCfg = Debug|iPhone
		{F6A55131-468D-4241-BC35-60E47062C342}.Debug|iPhone.Build.0 = Debug|iPhone
		{F6A55131-468D-4241-BC35-60E47062C342}.Release|iPhone.ActiveCfg = Release|iPhone
		{F6A55131-468D-4241-BC35-60E47062C342}.Release|iPhone.Build.0 = Release|iPhone
		{ABEB35AF-EF45-4093-9518-3EC23CA2BBA3}.Debug|Any CPU.ActiveCfg = Debug|Any CPU
		{ABEB35AF-EF45-4093-9518-3EC23CA2BBA3}.Debug|Any CPU.Build.0 = Debug|Any CPU
		{ABEB35AF-EF45-4093-9518-3EC23CA2BBA3}.Release|Any CPU.ActiveCfg = Release|Any CPU
		{ABEB35AF-EF45-4093-9518-3EC23CA2BBA3}.Release|Any CPU.Build.0 = Release|Any CPU
		{ABEB35AF-EF45-4093-9518-3EC23CA2BBA3}.Debug|iPhoneSimulator.ActiveCfg = Debug|Any CPU
		{ABEB35AF-EF45-4093-9518-3EC23CA2BBA3}.Debug|iPhoneSimulator.Build.0 = Debug|Any CPU
		{ABEB35AF-EF45-4093-9518-3EC23CA2BBA3}.Release|iPhoneSimulator.ActiveCfg = Release|Any CPU
		{ABEB35AF-EF45-4093-9518-3EC23CA2BBA3}.Release|iPhoneSimulator.Build.0 = Release|Any CPU
		{ABEB35AF-EF45-4093-9518-3EC23CA2BBA3}.Debug|iPhone.ActiveCfg = Debug|Any CPU
		{ABEB35AF-EF45-4093-9518-3EC23CA2BBA3}.Debug|iPhone.Build.0 = Debug|Any CPU
		{ABEB35AF-EF45-4093-9518-3EC23CA2BBA3}.Release|iPhone.ActiveCfg = Release|Any CPU
		{ABEB35AF-EF45-4093-9518-3EC23CA2BBA3}.Release|iPhone.Build.0 = Release|Any CPU
	EndGlobalSection
	GlobalSection(SolutionProperties) = preSolution
		HideSolutionNode = FALSE
	EndGlobalSection
	GlobalSection(ExtensibilityGlobals) = postSolution
		SolutionGuid = {56CF822F-C6CC-4AA1-AC6D-4AE44EB18808}
	EndGlobalSection
EndGlobal
